
Microsoft Visual Studio Solution File, Format Version 12.00
# Visual Studio Version 17
VisualStudioVersion = 17.14.36327.8
MinimumVisualStudioVersion = 10.0.40219.1
Project("{FAE04EC0-301F-11D3-BF4B-00C04F79EFBC}") = "LottoWebApp", "LottoWebApp\LottoWebApp.csproj", "{6EDE71DA-82E6-4007-9CE9-1B038093AA1C}"
EndProject
Global
	GlobalSection(SolutionConfigurationPlatforms) = preSolution
		Debug|Any CPU = Debug|Any CPU
		Release|Any CPU = Release|Any CPU
	EndGlobalSection
	GlobalSection(ProjectConfigurationPlatforms) = postSolution
		{6EDE71DA-82E6-4007-9CE9-1B038093AA1C}.Debug|Any CPU.ActiveCfg = Debug|Any CPU
		{6EDE71DA-82E6-4007-9CE9-1B038093AA1C}.Debug|Any CPU.Build.0 = Debug|Any CPU
		{6EDE71DA-82E6-4007-9CE9-1B038093AA1C}.Release|Any CPU.ActiveCfg = Release|Any CPU
		{6EDE71DA-82E6-4007-9CE9-1B038093AA1C}.Release|Any CPU.Build.0 = Release|Any CPU
	EndGlobalSection
	GlobalSection(SolutionProperties) = preSolution
		HideSolutionNode = FALSE
	EndGlobalSection
	GlobalSection(ExtensibilityGlobals) = postSolution
		SolutionGuid = {06110FB6-3E21-4566-941F-45981B6EE7E1}
	EndGlobalSection
EndGlobal
